
Microsoft Visual Studio Solution File, Format Version 12.00
# Visual Studio 15
VisualStudioVersion = 15.0.28010.2046
MinimumVisualStudioVersion = 10.0.40219.1
Project("{FAE04EC0-301F-11D3-BF4B-00C04F79EFBC}") = "WpfEs1Pag419", "WpfEs1Pag419\WpfEs1Pag419.csproj", "{7AEBE539-7760-4F97-9091-74C6FD6E1037}"
EndProject
Global
	GlobalSection(SolutionConfigurationPlatforms) = preSolution
		Debug|Any CPU = Debug|Any CPU
		Release|Any CPU = Release|Any CPU
	EndGlobalSection
	GlobalSection(ProjectConfigurationPlatforms) = postSolution
		{7AEBE539-7760-4F97-9091-74C6FD6E1037}.Debug|Any CPU.ActiveCfg = Debug|Any CPU
		{7AEBE539-7760-4F97-9091-74C6FD6E1037}.Debug|Any CPU.Build.0 = Debug|Any CPU
		{7AEBE539-7760-4F97-9091-74C6FD6E1037}.Release|Any CPU.ActiveCfg = Release|Any CPU
		{7AEBE539-7760-4F97-9091-74C6FD6E1037}.Release|Any CPU.Build.0 = Release|Any CPU
	EndGlobalSection
	GlobalSection(SolutionProperties) = preSolution
		HideSolutionNode = FALSE
	EndGlobalSection
	GlobalSection(ExtensibilityGlobals) = postSolution
		SolutionGuid = {3F6EFD85-522A-4D6C-BCF1-CC2ED63CFEA2}
	EndGlobalSection
EndGlobal
